// !$*UTF8*$!
{
	archiveVersion = 1;
	classes = {
	};
	objectVersion = 46;
	objects = {

/* Begin PBXBuildFile section */
		57EB04D71C266A92007D6408 /* main.m in Sources */ = {isa = PBXBuildFile; fileRef = 57EB04D61C266A92007D6408 /* main.m */; };
		57EB04DA1C266A92007D6408 /* AppDelegate.m in Sources */ = {isa = PBXBuildFile; fileRef = 57EB04D91C266A92007D6408 /* AppDelegate.m */; };
		57EB04DD1C266A92007D6408 /* ViewController.m in Sources */ = {isa = PBXBuildFile; fileRef = 57EB04DC1C266A92007D6408 /* ViewController.m */; };
		57EB04E01C266A92007D6408 /* Main.storyboard in Resources */ = {isa = PBXBuildFile; fileRef = 57EB04DE1C266A92007D6408 /* Main.storyboard */; };
		57EB04E21C266A92007D6408 /* Assets.xcassets in Resources */ = {isa = PBXBuildFile; fileRef = 57EB04E11C266A92007D6408 /* Assets.xcassets */; };
		57EB04E51C266A92007D6408 /* LaunchScreen.storyboard in Resources */ = {isa = PBXBuildFile; fileRef = 57EB04E31C266A92007D6408 /* LaunchScreen.storyboard */; };
/* End PBXBuildFile section */

/* Begin PBXFileReference section */
		57EB04D21C266A92007D6408 /* TestGit.app */ = {isa = PBXFileReference; explicitFileType = wrapper.application; includeInIndex = 0; path = TestGit.app; sourceTree = BUILT_PRODUCTS_DIR; };
		57EB04D61C266A92007D6408 /* main.m */ = {isa = PBXFileReference; lastKnownFileType = sourcecode.c.objc; path = main.m; sourceTree = "<group>"; };
		57EB04D81C266A92007D6408 /* AppDelegate.h */ = {isa = PBXFileReference; lastKnownFileType = sourcecode.c.h; path = AppDelegate.h; sourceTree = "<group>"; };
		57EB04D91C266A92007D6408 /* AppDelegate.m */ = {isa = PBXFileReference; lastKnownFileType = sourcecode.c.objc; path = AppDelegate.m; sourceTree = "<group>"; };
		57EB04DB1C266A92007D6408 /* ViewController.h */ = {isa = PBXFileReference; lastKnownFileType = sourcecode.c.h; path = ViewController.h; sourceTree = "<group>"; };
		57EB04DC1C266A92007D6408 /* ViewController.m */ = {isa = PBXFileReference; lastKnownFileType = sourcecode.c.objc; path = ViewController.m; sourceTree = "<group>"; };
		57EB04DF1C266A92007D6408 /* Base */ = {isa = PBXFileReference; lastKnownFileType = file.storyboard; name = Base; path = Base.lproj/Main.storyboard; sourceTree = "<group>"; };
		57EB04E11C266A92007D6408 /* Assets.xcassets */ = {isa = PBXFileReference; lastKnownFileType = folder.assetcatalog; path = Assets.xcassets; sourceTree = "<group>"; };
		57EB04E41C266A92007D6408 /* Base */ = {isa = PBXFileReference; lastKnownFileType = file.storyboard; name = Base; path = Base.lproj/LaunchScreen.storyboard; sourceTree = "<group>"; };
		57EB04E61C266A92007D6408 /* Info.plist */ = {isa = PBXFileReference; lastKnownFileType = text.plist.xml; path = Info.plist; sourceTree = "<group>"; };
/* End PBXFileReference section */

/* Begin PBXFrameworksBuildPhase section */
		57EB04CF1C266A91007D6408 /* Frameworks */ = {
			isa = PBXFrameworksBuildPhase;
			buildActionMask = 2147483647;
			files = (
			);
			runOnlyForDeploymentPostprocessing = 0;
		};
/* End PBXFrameworksBuildPhase section */

/* Begin PBXGroup section */
		57EB04C91C266A91007D6408 = {
			isa = PBXGroup;
			children = (
				57EB04D41C266A92007D6408 /* TestGit */,
				57EB04D31C266A92007D6408 /* Products */,
			);
			sourceTree = "<group>";
		};
		57EB04D31C266A92007D6408 /* Products */ = {
			isa = PBXGroup;
			children = (
				57EB04D21C266A92007D6408 /* TestGit.app */,
			);
			name = Products;
			sourceTree = "<group>";
		};
		57EB04D41C266A92007D6408 /* TestGit */ = {
			isa = PBXGroup;
			children = (
				57EB04D81C266A92007D6408 /* AppDelegate.h */,
				57EB04D91C266A92007D6408 /* AppDelegate.m */,
				57EB04DB1C266A92007D6408 /* ViewController.h */,
				57EB04DC1C266A92007D6408 /* ViewController.m */,
				57EB04DE1C266A92007D6408 /* Main.storyboard */,
				57EB04E11C266A92007D6408 /* Assets.xcassets */,
				57EB04E31C266A92007D6408 /* LaunchScreen.storyboard */,
				57EB04E61C266A92007D6408 /* Info.plist */,
				57EB04D51C266A92007D6408 /* Supporting Files */,
			);
			path = TestGit;
			sourceTree = "<group>";
		};
		57EB04D51C266A92007D6408 /* Supporting Files */ = {
			isa = PBXGroup;
			children = (
				57EB04D61C266A92007D6408 /* main.m */,
			);
			name = "Supporting Files";
			sourceTree = "<group>";
		};
/* End PBXGroup section */

/* Begin PBXNativeTarget section */
		57EB04D11C266A91007D6408 /* TestGit */ = {
			isa = PBXNativeTarget;
			buildConfigurationList = 57EB04E91C266A92007D6408 /* Build configuration list for PBXNativeTarget "TestGit" */;
			buildPhases = (
				57EB04CE1C266A91007D6408 /* Sources */,
				57EB04CF1C266A91007D6408 /* Frameworks */,
				57EB04D01C266A91007D6408 /* Resources */,
			);
			buildRules = (
			);
			dependencies = (
			);
			name = TestGit;
			productName = TestGit;
			productReference = 57EB04D21C266A92007D6408 /* TestGit.app */;
			productType = "com.apple.product-type.application";
		};
/* End PBXNativeTarget section */

/* Begin PBXProject section */
		57EB04CA1C266A91007D6408 /* Project object */ = {
			isa = PBXProject;
			attributes = {
				LastUpgradeCheck = 0720;
				ORGANIZATIONNAME = yanghe;
				TargetAttributes = {
					57EB04D11C266A91007D6408 = {
						CreatedOnToolsVersion = 7.2;
					};
				};
			};
			buildConfigurationList = 57EB04CD1C266A91007D6408 /* Build configuration list for PBXProject "TestGit" */;
			compatibilityVersion = "Xcode 3.2";
			developmentRegion = English;
			hasScannedForEncodings = 0;
			knownRegions = (
				en,
				Base,
			);
			mainGroup = 57EB04C91C266A91007D6408;
			productRefGroup = 57EB04D31C266A92007D6408 /* Products */;
			projectDirPath = "";
			projectRoot = "";
			targets = (
				57EB04D11C266A91007D6408 /* TestGit */,
			);
		};
/* End PBXProject section */

/* Begin PBXResourcesBuildPhase section */
		57EB04D01C266A91007D6408 /* Resources */ = {
			isa = PBXResourcesBuildPhase;
			buildActionMask = 2147483647;
			files = (
				57EB04E51C266A92007D6408 /* LaunchScreen.storyboard in Resources */,
				57EB04E21C266A92007D6408 /* Assets.xcassets in Resources */,
				57EB04E01C266A92007D6408 /* Main.storyboard in Resources */,
			);
			runOnlyForDeploymentPostprocessing = 0;
		};
/* End PBXResourcesBuildPhase section */

/* Begin PBXSourcesBuildPhase section */
		57EB04CE1C266A91007D6408 /* Sources */ = {
			isa = PBXSourcesBuildPhase;
			buildActionMask = 2147483647;
			files = (
				57EB04DD1C266A92007D6408 /* ViewController.m in Sources */,
				57EB04DA1C266A92007D6408 /* AppDelegate.m in Sources */,
				57EB04D71C266A92007D6408 /* main.m in Sources */,
			);
			runOnlyForDeploymentPostprocessing = 0;
		};
/* End PBXSourcesBuildPhase section */

/* Begin PBXVariantGroup section */
		57EB04DE1C266A92007D6408 /* Main.storyboard */ = {
			isa = PBXVariantGroup;
			children = (
				57EB04DF1C266A92007D6408 /* Base */,
			);
			name = Main.storyboard;
			sourceTree = "<group>";
		};
		57EB04E31C266A92007D6408 /* LaunchScreen.storyboard */ = {
			isa = PBXVariantGroup;
			children = (
				57EB04E41C266A92007D6408 /* Base */,
			);
			name = LaunchScreen.storyboard;
			sourceTree = "<group>";
		};
/* End PBXVariantGroup section */

/* Begin XCBuildConfiguration section */
		57EB04E71C266A92007D6408 /* Debug */ = {
			isa = XCBuildConfiguration;
			buildSettings = {
				ALWAYS_SEARCH_USER_PATHS = NO;
				CLANG_CXX_LANGUAGE_STANDARD = "gnu++0x";
				CLANG_CXX_LIBRARY = "libc++";
				CLANG_ENABLE_MODULES = YES;
				CLANG_ENABLE_OBJC_ARC = YES;
				CLANG_WARN_BOOL_CONVERSION = YES;
				CLANG_WARN_CONSTANT_CONVERSION = YES;
				CLANG_WARN_DIRECT_OBJC_ISA_USAGE = YES_ERROR;
				CLANG_WARN_EMPTY_BODY = YES;
				CLANG_WARN_ENUM_CONVERSION = YES;
				CLANG_WARN_INT_CONVERSION = YES;
				CLANG_WARN_OBJC_ROOT_CLASS = YES_ERROR;
				CLANG_WARN_UNREACHABLE_CODE = YES;
				CLANG_WARN__DUPLICATE_METHOD_MATCH = YES;
				"CODE_SIGN_IDENTITY[sdk=iphoneos*]" = "iPhone Developer";
				COPY_PHASE_STRIP = NO;
				DEBUG_INFORMATION_FORMAT = dwarf;
				ENABLE_STRICT_OBJC_MSGSEND = YES;
				ENABLE_TESTABILITY = YES;
				GCC_C_LANGUAGE_STANDARD = gnu99;
				GCC_DYNAMIC_NO_PIC = NO;
				GCC_NO_COMMON_BLOCKS = YES;
				GCC_OPTIMIZATION_LEVEL = 0;
				GCC_PREPROCESSOR_DEFINITIONS = (
					"DEBUG=1",
					"$(inherited)",
				);
				GCC_WARN_64_TO_32_BIT_CONVERSION = YES;
				GCC_WARN_ABOUT_RETURN_TYPE = YES_ERROR;
				GCC_WARN_UNDECLARED_SELECTOR = YES;
				GCC_WARN_UNINITIALIZED_AUTOS = YES_AGGRESSIVE;
				GCC_WARN_UNUSED_FUNCTION = YES;
				GCC_WARN_UNUSED_VARIABLE = YES;
				IPHONEOS_DEPLOYMENT_TARGET = 9.2;
				MTL_ENABLE_DEBUG_INFO = YES;
				ONLY_ACTIVE_ARCH = YES;
				SDKROOT = iphoneos;
			};
			name = Debug;
		};
		57EB04E81C266A92007D6408 /* Release */ = {
			isa = XCBuildConfiguration;
			buildSettings = {
				ALWAYS_SEARCH_USER_PATHS = NO;
				CLANG_CXX_LANGUAGE_STANDARD = "gnu++0x";
				CLANG_CXX_LIBRARY = "libc++";
				CLANG_ENABLE_MODULES = YES;
				CLANG_ENABLE_OBJC_ARC = YES;
				CLANG_WARN_BOOL_CONVERSION = YES;
				CLANG_WARN_CONSTANT_CONVERSION = YES;
				CLANG_WARN_DIRECT_OBJC_ISA_USAGE = YES_ERROR;
				CLANG_WARN_EMPTY_BODY = YES;
				CLANG_WARN_ENUM_CONVERSION = YES;
				CLANG_WARN_INT_CONVERSION = YES;
				CLANG_WARN_OBJC_ROOT_CLASS = YES_ERROR;
				CLANG_WARN_UNREACHABLE_CODE = YES;
				CLANG_WARN__DUPLICATE_METHOD_MATCH = YES;
				"CODE_SIGN_IDENTITY[sdk=iphoneos*]" = "iPhone Developer";
				COPY_PHASE_STRIP = NO;
				DEBUG_INFORMATION_FORMAT = "dwarf-with-dsym";
				ENABLE_NS_ASSERTIONS = NO;
				ENABLE_STRICT_OBJC_MSGSEND = YES;
				GCC_C_LANGUAGE_STANDARD = gnu99;
				GCC_NO_COMMON_BLOCKS = YES;
				GCC_WARN_64_TO_32_BIT_CONVERSION = YES;
				GCC_WARN_ABOUT_RETURN_TYPE = YES_ERROR;
				GCC_WARN_UNDECLARED_SELECTOR = YES;
				GCC_WARN_UNINITIALIZED_AUTOS = YES_AGGRESSIVE;
				GCC_WARN_UNUSED_FUNCTION = YES;
				GCC_WARN_UNUSED_VARIABLE = YES;
				IPHONEOS_DEPLOYMENT_TARGET = 9.2;
				MTL_ENABLE_DEBUG_INFO = NO;
				SDKROOT = iphoneos;
				VALIDATE_PRODUCT = YES;
			};
			name = Release;
		};
		57EB04EA1C266A92007D6408 /* Debug */ = {
			isa = XCBuildConfiguration;
			buildSettings = {
				ASSETCATALOG_COMPILER_APPICON_NAME = AppIcon;
				INFOPLIST_FILE = TestGit/Info.plist;
				LD_RUNPATH_SEARCH_PATHS = "$(inherited) @executable_path/Frameworks";
				PRODUCT_BUNDLE_IDENTIFIER = me.yanghe.TestGit;
				PRODUCT_NAME = "$(TARGET_NAME)";
			};
			name = Debug;
		};
		57EB04EB1C266A92007D6408 /* Release */ = {
			isa = XCBuildConfiguration;
			buildSettings = {
				ASSETCATALOG_COMPILER_APPICON_NAME = AppIcon;
				INFOPLIST_FILE = TestGit/Info.plist;
				LD_RUNPATH_SEARCH_PATHS = "$(inherited) @executable_path/Frameworks";
				PRODUCT_BUNDLE_IDENTIFIER = me.yanghe.TestGit;
				PRODUCT_NAME = "$(TARGET_NAME)";
			};
			name = Release;
		};
/* End XCBuildConfiguration section */

/* Begin XCConfigurationList section */
		57EB04CD1C266A91007D6408 /* Build configuration list for PBXProject "TestGit" */ = {
			isa = XCConfigurationList;
			buildConfigurations = (
				57EB04E71C266A92007D6408 /* Debug */,
				57EB04E81C266A92007D6408 /* Release */,
			);
			defaultConfigurationIsVisible = 0;
			defaultConfigurationName = Release;
		};
		57EB04E91C266A92007D6408 /* Build configuration list for PBXNativeTarget "TestGit" */ = {
			isa = XCConfigurationList;
			buildConfigurations = (
				57EB04EA1C266A92007D6408 /* Debug */,
				57EB04EB1C266A92007D6408 /* Release */,
			);
			defaultConfigurationIsVisible = 0;
		};
/* End XCConfigurationList section */
	};
	rootObject = 57EB04CA1C266A91007D6408 /* Project object */;
}
